
Microsoft Visual Studio Solution File, Format Version 12.00
# Visual Studio 15
VisualStudioVersion = 15.0.27428.2015
MinimumVisualStudioVersion = 10.0.40219.1
Project("{FAE04EC0-301F-11D3-BF4B-00C04F79EFBC}") = "GameFoundation", "GameFoundation\GameFoundation.csproj", "{4805F251-D29D-4F83-8D21-44D8602B9522}"
EndProject
Global
	GlobalSection(SolutionConfigurationPlatforms) = preSolution
		Debug|Any CPU = Debug|Any CPU
		Release|Any CPU = Release|Any CPU
	EndGlobalSection
	GlobalSection(ProjectConfigurationPlatforms) = postSolution
		{4805F251-D29D-4F83-8D21-44D8602B9522}.Debug|Any CPU.ActiveCfg = Debug|Any CPU
		{4805F251-D29D-4F83-8D21-44D8602B9522}.Debug|Any CPU.Build.0 = Debug|Any CPU
		{4805F251-D29D-4F83-8D21-44D8602B9522}.Release|Any CPU.ActiveCfg = Release|Any CPU
		{4805F251-D29D-4F83-8D21-44D8602B9522}.Release|Any CPU.Build.0 = Release|Any CPU
	EndGlobalSection
	GlobalSection(SolutionProperties) = preSolution
		HideSolutionNode = FALSE
	EndGlobalSection
	GlobalSection(ExtensibilityGlobals) = postSolution
		SolutionGuid = {3AFAF294-A151-4CBB-BD3F-61D9D83CCF75}
	EndGlobalSection
EndGlobal
